
Microsoft Visual Studio Solution File, Format Version 12.00
# Visual Studio 15
VisualStudioVersion = 15.0.28307.136
MinimumVisualStudioVersion = 10.0.40219.1
Project("{FAE04EC0-301F-11D3-BF4B-00C04F79EFBC}") = "Editor", "Editor\Editor.csproj", "{3C2FA427-EC2D-4769-9078-7F16699F750F}"
EndProject
Global
	GlobalSection(SolutionConfigurationPlatforms) = preSolution
		Debug|Any CPU = Debug|Any CPU
		Release|Any CPU = Release|Any CPU
	EndGlobalSection
	GlobalSection(ProjectConfigurationPlatforms) = postSolution
		{3C2FA427-EC2D-4769-9078-7F16699F750F}.Debug|Any CPU.ActiveCfg = Debug|Any CPU
		{3C2FA427-EC2D-4769-9078-7F16699F750F}.Debug|Any CPU.Build.0 = Debug|Any CPU
		{3C2FA427-EC2D-4769-9078-7F16699F750F}.Release|Any CPU.ActiveCfg = Release|Any CPU
		{3C2FA427-EC2D-4769-9078-7F16699F750F}.Release|Any CPU.Build.0 = Release|Any CPU
	EndGlobalSection
	GlobalSection(SolutionProperties) = preSolution
		HideSolutionNode = FALSE
	EndGlobalSection
	GlobalSection(ExtensibilityGlobals) = postSolution
		SolutionGuid = {A75EA9F5-32D0-4012-B7DE-647FB4C34C4F}
	EndGlobalSection
EndGlobal
